
Microsoft Visual Studio Solution File, Format Version 12.00
# Visual Studio Version 17
VisualStudioVersion = 17.8.34408.163
MinimumVisualStudioVersion = 10.0.40219.1
Project("{2150E333-8FDC-42A3-9474-1A3956D46DE8}") = "WebApi", "WebApi", "{F8AC455D-8A42-4565-8CDC-0AEDD70B1C0E}"
EndProject
Project("{9A19103F-16F7-4668-BE54-9A1E7A4F7556}") = "ISSA_IdentityService", "ISSA\ISSA_IdentityService.csproj", "{F6C7408C-1ABD-4251-8115-375221E43C01}"
EndProject
Project("{2150E333-8FDC-42A3-9474-1A3956D46DE8}") = "Core", "Core", "{6F200F96-1E31-40F7-81C1-9AA06A79E9CC}"
EndProject
Project("{2150E333-8FDC-42A3-9474-1A3956D46DE8}") = "Repository", "Repository", "{3C6A9A1E-9E16-4944-8D6A-C8E26AB1BA6B}"
EndProject
Project("{2150E333-8FDC-42A3-9474-1A3956D46DE8}") = "Service", "Service", "{8B3AA4CC-FF3A-48BF-A68D-3918C9956191}"
EndProject
Project("{9A19103F-16F7-4668-BE54-9A1E7A4F7556}") = "ISSA_IdentityService.Core", "ISSA.Core\ISSA_IdentityService.Core.csproj", "{2233D8C4-D2C7-4CB1-8F4D-DC21D3AFE438}"
EndProject
Project("{9A19103F-16F7-4668-BE54-9A1E7A4F7556}") = "ISSA_IdentityService.Mapper", "ISSA.Mapper\ISSA_IdentityService.Mapper.csproj", "{6260E311-EEEC-4DA1-8024-08D11BC34B57}"
EndProject
Project("{9A19103F-16F7-4668-BE54-9A1E7A4F7556}") = "ISSA_IdentityService.Contract.Repository", "ISSA.Contract.Repository\ISSA_IdentityService.Contract.Repository.csproj", "{41B68972-037E-414F-A17D-35E1996C9EA2}"
EndProject
Project("{9A19103F-16F7-4668-BE54-9A1E7A4F7556}") = "ISSA_IdentityService.Repository", "ISSA.Repository\ISSA_IdentityService.Repository.csproj", "{654373FA-178C-4AA6-9A09-DECF6C5C128A}"
EndProject
Project("{9A19103F-16F7-4668-BE54-9A1E7A4F7556}") = "ISSA_IdentityService.Contract.Service", "ISSA.Contract.Service\ISSA_IdentityService.Contract.Service.csproj", "{ED10AED8-12D4-4D74-A3D9-17EE75C489B5}"
EndProject
Project("{9A19103F-16F7-4668-BE54-9A1E7A4F7556}") = "ISSA_IdentityService.Service", "ISSA.Service\ISSA_IdentityService.Service.csproj", "{9CF7EE84-A014-4C6A-8035-7A655C94519E}"
EndProject
Global
	GlobalSection(SolutionConfigurationPlatforms) = preSolution
		Debug|Any CPU = Debug|Any CPU
		Release|Any CPU = Release|Any CPU
	EndGlobalSection
	GlobalSection(ProjectConfigurationPlatforms) = postSolution
		{F6C7408C-1ABD-4251-8115-375221E43C01}.Debug|Any CPU.ActiveCfg = Debug|Any CPU
		{F6C7408C-1ABD-4251-8115-375221E43C01}.Debug|Any CPU.Build.0 = Debug|Any CPU
		{F6C7408C-1ABD-4251-8115-375221E43C01}.Release|Any CPU.ActiveCfg = Release|Any CPU
		{F6C7408C-1ABD-4251-8115-375221E43C01}.Release|Any CPU.Build.0 = Release|Any CPU
		{2233D8C4-D2C7-4CB1-8F4D-DC21D3AFE438}.Debug|Any CPU.ActiveCfg = Debug|Any CPU
		{2233D8C4-D2C7-4CB1-8F4D-DC21D3AFE438}.Debug|Any CPU.Build.0 = Debug|Any CPU
		{2233D8C4-D2C7-4CB1-8F4D-DC21D3AFE438}.Release|Any CPU.ActiveCfg = Release|Any CPU
		{2233D8C4-D2C7-4CB1-8F4D-DC21D3AFE438}.Release|Any CPU.Build.0 = Release|Any CPU
		{6260E311-EEEC-4DA1-8024-08D11BC34B57}.Debug|Any CPU.ActiveCfg = Debug|Any CPU
		{6260E311-EEEC-4DA1-8024-08D11BC34B57}.Debug|Any CPU.Build.0 = Debug|Any CPU
		{6260E311-EEEC-4DA1-8024-08D11BC34B57}.Release|Any CPU.ActiveCfg = Release|Any CPU
		{6260E311-EEEC-4DA1-8024-08D11BC34B57}.Release|Any CPU.Build.0 = Release|Any CPU
		{41B68972-037E-414F-A17D-35E1996C9EA2}.Debug|Any CPU.ActiveCfg = Debug|Any CPU
		{41B68972-037E-414F-A17D-35E1996C9EA2}.Debug|Any CPU.Build.0 = Debug|Any CPU
		{41B68972-037E-414F-A17D-35E1996C9EA2}.Release|Any CPU.ActiveCfg = Release|Any CPU
		{41B68972-037E-414F-A17D-35E1996C9EA2}.Release|Any CPU.Build.0 = Release|Any CPU
		{654373FA-178C-4AA6-9A09-DECF6C5C128A}.Debug|Any CPU.ActiveCfg = Debug|Any CPU
		{654373FA-178C-4AA6-9A09-DECF6C5C128A}.Debug|Any CPU.Build.0 = Debug|Any CPU
		{654373FA-178C-4AA6-9A09-DECF6C5C128A}.Release|Any CPU.ActiveCfg = Release|Any CPU
		{654373FA-178C-4AA6-9A09-DECF6C5C128A}.Release|Any CPU.Build.0 = Release|Any CPU
		{ED10AED8-12D4-4D74-A3D9-17EE75C489B5}.Debug|Any CPU.ActiveCfg = Debug|Any CPU
		{ED10AED8-12D4-4D74-A3D9-17EE75C489B5}.Debug|Any CPU.Build.0 = Debug|Any CPU
		{ED10AED8-12D4-4D74-A3D9-17EE75C489B5}.Release|Any CPU.ActiveCfg = Release|Any CPU
		{ED10AED8-12D4-4D74-A3D9-17EE75C489B5}.Release|Any CPU.Build.0 = Release|Any CPU
		{9CF7EE84-A014-4C6A-8035-7A655C94519E}.Debug|Any CPU.ActiveCfg = Debug|Any CPU
		{9CF7EE84-A014-4C6A-8035-7A655C94519E}.Debug|Any CPU.Build.0 = Debug|Any CPU
		{9CF7EE84-A014-4C6A-8035-7A655C94519E}.Release|Any CPU.ActiveCfg = Release|Any CPU
		{9CF7EE84-A014-4C6A-8035-7A655C94519E}.Release|Any CPU.Build.0 = Release|Any CPU
	EndGlobalSection
	GlobalSection(SolutionProperties) = preSolution
		HideSolutionNode = FALSE
	EndGlobalSection
	GlobalSection(NestedProjects) = preSolution
		{F6C7408C-1ABD-4251-8115-375221E43C01} = {F8AC455D-8A42-4565-8CDC-0AEDD70B1C0E}
		{2233D8C4-D2C7-4CB1-8F4D-DC21D3AFE438} = {6F200F96-1E31-40F7-81C1-9AA06A79E9CC}
		{6260E311-EEEC-4DA1-8024-08D11BC34B57} = {6F200F96-1E31-40F7-81C1-9AA06A79E9CC}
		{41B68972-037E-414F-A17D-35E1996C9EA2} = {3C6A9A1E-9E16-4944-8D6A-C8E26AB1BA6B}
		{654373FA-178C-4AA6-9A09-DECF6C5C128A} = {3C6A9A1E-9E16-4944-8D6A-C8E26AB1BA6B}
		{ED10AED8-12D4-4D74-A3D9-17EE75C489B5} = {8B3AA4CC-FF3A-48BF-A68D-3918C9956191}
		{9CF7EE84-A014-4C6A-8035-7A655C94519E} = {8B3AA4CC-FF3A-48BF-A68D-3918C9956191}
	EndGlobalSection
	GlobalSection(ExtensibilityGlobals) = postSolution
		SolutionGuid = {C433AF9A-6C46-4D58-84BF-E177CE4C0457}
	EndGlobalSection
EndGlobal
