
Microsoft Visual Studio Solution File, Format Version 12.00
# Visual Studio Version 17
VisualStudioVersion = 17.8.34408.163
MinimumVisualStudioVersion = 10.0.40219.1
Project("{2150E333-8FDC-42A3-9474-1A3956D46DE8}") = "WebApi", "WebApi", "{F8AC455D-8A42-4565-8CDC-0AEDD70B1C0E}"
EndProject
Project("{2150E333-8FDC-42A3-9474-1A3956D46DE8}") = "Core", "Core", "{6F200F96-1E31-40F7-81C1-9AA06A79E9CC}"
EndProject
Project("{2150E333-8FDC-42A3-9474-1A3956D46DE8}") = "Repository", "Repository", "{3C6A9A1E-9E16-4944-8D6A-C8E26AB1BA6B}"
EndProject
Project("{2150E333-8FDC-42A3-9474-1A3956D46DE8}") = "Service", "Service", "{8B3AA4CC-FF3A-48BF-A68D-3918C9956191}"
EndProject
Project("{9A19103F-16F7-4668-BE54-9A1E7A4F7556}") = "ISSA_IdentityService", "src\ISSA_IdentityService\ISSA_IdentityService.csproj", "{22B90EF6-7EAB-45CD-BD15-55C323D10153}"
EndProject
Project("{9A19103F-16F7-4668-BE54-9A1E7A4F7556}") = "ISSA_IdentityService.Contract.Repository", "src\ISSA_IdentityService.Contract.Repository\ISSA_IdentityService.Contract.Repository.csproj", "{9CD40066-EFB0-4E05-B55F-4436C162487E}"
EndProject
Project("{9A19103F-16F7-4668-BE54-9A1E7A4F7556}") = "ISSA_IdentityService.Mapper", "src\ISSA_IdentityService.Mapper\ISSA_IdentityService.Mapper.csproj", "{6C4FF718-BDE9-4BB2-BDFF-1B94BFD27CDD}"
EndProject
Project("{9A19103F-16F7-4668-BE54-9A1E7A4F7556}") = "ISSA_IdentityService.Core", "src\ISSA_IdentityService.Core\ISSA_IdentityService.Core.csproj", "{A4803719-712A-47B4-BA34-9E3606BF4E3C}"
EndProject
Project("{9A19103F-16F7-4668-BE54-9A1E7A4F7556}") = "ISSA_IdentityService.Repository", "src\ISSA_IdentityService.Repository\ISSA_IdentityService.Repository.csproj", "{E1F77FCF-3856-4B31-AAF5-3A44AF0EE3A6}"
EndProject
Project("{9A19103F-16F7-4668-BE54-9A1E7A4F7556}") = "ISSA_IdentityService.Service", "src\ISSA_IdentityService.Service\ISSA_IdentityService.Service.csproj", "{57D2DAFE-B24E-49EE-A8A0-C3EE4897A75E}"
EndProject
Project("{9A19103F-16F7-4668-BE54-9A1E7A4F7556}") = "ISSA_IdentityService.Contract.Service", "src\ISSA_IdentityService.Contract.Service\ISSA_IdentityService.Contract.Service.csproj", "{CAE86889-BC79-4993-8C13-9A068A92E436}"
EndProject
Project("{2150E333-8FDC-42A3-9474-1A3956D46DE8}") = "src", "src", "{F4C5BD43-FF55-49E2-A411-B0FA3E810DAF}"
EndProject
Project("{2150E333-8FDC-42A3-9474-1A3956D46DE8}") = "Solution Items", "Solution Items", "{24E823DA-2E01-4AB5-9F6C-34329F505093}"
	ProjectSection(SolutionItems) = preProject
		.editorconfig = .editorconfig
		.gitignore = .gitignore
		LICENSE.txt = LICENSE.txt
	EndProjectSection
EndProject
Global
	GlobalSection(SolutionConfigurationPlatforms) = preSolution
		Debug|Any CPU = Debug|Any CPU
		Release|Any CPU = Release|Any CPU
	EndGlobalSection
	GlobalSection(ProjectConfigurationPlatforms) = postSolution
		{22B90EF6-7EAB-45CD-BD15-55C323D10153}.Debug|Any CPU.ActiveCfg = Debug|Any CPU
		{22B90EF6-7EAB-45CD-BD15-55C323D10153}.Debug|Any CPU.Build.0 = Debug|Any CPU
		{22B90EF6-7EAB-45CD-BD15-55C323D10153}.Release|Any CPU.ActiveCfg = Release|Any CPU
		{22B90EF6-7EAB-45CD-BD15-55C323D10153}.Release|Any CPU.Build.0 = Release|Any CPU
		{9CD40066-EFB0-4E05-B55F-4436C162487E}.Debug|Any CPU.ActiveCfg = Debug|Any CPU
		{9CD40066-EFB0-4E05-B55F-4436C162487E}.Debug|Any CPU.Build.0 = Debug|Any CPU
		{9CD40066-EFB0-4E05-B55F-4436C162487E}.Release|Any CPU.ActiveCfg = Release|Any CPU
		{9CD40066-EFB0-4E05-B55F-4436C162487E}.Release|Any CPU.Build.0 = Release|Any CPU
		{6C4FF718-BDE9-4BB2-BDFF-1B94BFD27CDD}.Debug|Any CPU.ActiveCfg = Debug|Any CPU
		{6C4FF718-BDE9-4BB2-BDFF-1B94BFD27CDD}.Debug|Any CPU.Build.0 = Debug|Any CPU
		{6C4FF718-BDE9-4BB2-BDFF-1B94BFD27CDD}.Release|Any CPU.ActiveCfg = Release|Any CPU
		{6C4FF718-BDE9-4BB2-BDFF-1B94BFD27CDD}.Release|Any CPU.Build.0 = Release|Any CPU
		{A4803719-712A-47B4-BA34-9E3606BF4E3C}.Debug|Any CPU.ActiveCfg = Debug|Any CPU
		{A4803719-712A-47B4-BA34-9E3606BF4E3C}.Debug|Any CPU.Build.0 = Debug|Any CPU
		{A4803719-712A-47B4-BA34-9E3606BF4E3C}.Release|Any CPU.ActiveCfg = Release|Any CPU
		{A4803719-712A-47B4-BA34-9E3606BF4E3C}.Release|Any CPU.Build.0 = Release|Any CPU
		{E1F77FCF-3856-4B31-AAF5-3A44AF0EE3A6}.Debug|Any CPU.ActiveCfg = Debug|Any CPU
		{E1F77FCF-3856-4B31-AAF5-3A44AF0EE3A6}.Debug|Any CPU.Build.0 = Debug|Any CPU
		{E1F77FCF-3856-4B31-AAF5-3A44AF0EE3A6}.Release|Any CPU.ActiveCfg = Release|Any CPU
		{E1F77FCF-3856-4B31-AAF5-3A44AF0EE3A6}.Release|Any CPU.Build.0 = Release|Any CPU
		{57D2DAFE-B24E-49EE-A8A0-C3EE4897A75E}.Debug|Any CPU.ActiveCfg = Debug|Any CPU
		{57D2DAFE-B24E-49EE-A8A0-C3EE4897A75E}.Debug|Any CPU.Build.0 = Debug|Any CPU
		{57D2DAFE-B24E-49EE-A8A0-C3EE4897A75E}.Release|Any CPU.ActiveCfg = Release|Any CPU
		{57D2DAFE-B24E-49EE-A8A0-C3EE4897A75E}.Release|Any CPU.Build.0 = Release|Any CPU
		{CAE86889-BC79-4993-8C13-9A068A92E436}.Debug|Any CPU.ActiveCfg = Debug|Any CPU
		{CAE86889-BC79-4993-8C13-9A068A92E436}.Debug|Any CPU.Build.0 = Debug|Any CPU
		{CAE86889-BC79-4993-8C13-9A068A92E436}.Release|Any CPU.ActiveCfg = Release|Any CPU
		{CAE86889-BC79-4993-8C13-9A068A92E436}.Release|Any CPU.Build.0 = Release|Any CPU
	EndGlobalSection
	GlobalSection(SolutionProperties) = preSolution
		HideSolutionNode = FALSE
	EndGlobalSection
	GlobalSection(NestedProjects) = preSolution
		{F8AC455D-8A42-4565-8CDC-0AEDD70B1C0E} = {F4C5BD43-FF55-49E2-A411-B0FA3E810DAF}
		{6F200F96-1E31-40F7-81C1-9AA06A79E9CC} = {F4C5BD43-FF55-49E2-A411-B0FA3E810DAF}
		{3C6A9A1E-9E16-4944-8D6A-C8E26AB1BA6B} = {F4C5BD43-FF55-49E2-A411-B0FA3E810DAF}
		{8B3AA4CC-FF3A-48BF-A68D-3918C9956191} = {F4C5BD43-FF55-49E2-A411-B0FA3E810DAF}
		{22B90EF6-7EAB-45CD-BD15-55C323D10153} = {F8AC455D-8A42-4565-8CDC-0AEDD70B1C0E}
		{9CD40066-EFB0-4E05-B55F-4436C162487E} = {3C6A9A1E-9E16-4944-8D6A-C8E26AB1BA6B}
		{6C4FF718-BDE9-4BB2-BDFF-1B94BFD27CDD} = {6F200F96-1E31-40F7-81C1-9AA06A79E9CC}
		{A4803719-712A-47B4-BA34-9E3606BF4E3C} = {6F200F96-1E31-40F7-81C1-9AA06A79E9CC}
		{E1F77FCF-3856-4B31-AAF5-3A44AF0EE3A6} = {3C6A9A1E-9E16-4944-8D6A-C8E26AB1BA6B}
		{57D2DAFE-B24E-49EE-A8A0-C3EE4897A75E} = {8B3AA4CC-FF3A-48BF-A68D-3918C9956191}
		{CAE86889-BC79-4993-8C13-9A068A92E436} = {8B3AA4CC-FF3A-48BF-A68D-3918C9956191}
	EndGlobalSection
	GlobalSection(ExtensibilityGlobals) = postSolution
		SolutionGuid = {C433AF9A-6C46-4D58-84BF-E177CE4C0457}
	EndGlobalSection
EndGlobal
